
Microsoft Visual Studio Solution File, Format Version 12.00
# Visual Studio Version 17
VisualStudioVersion = 17.9.34622.214
MinimumVisualStudioVersion = 10.0.40219.1
Project("{9A19103F-16F7-4668-BE54-9A1E7A4F7556}") = "Phone_Shop.API", "Phone_Shop.API\Phone_Shop.API.csproj", "{E14E5673-95C3-48DD-9369-78DBCA8A6B37}"
EndProject
Project("{9A19103F-16F7-4668-BE54-9A1E7A4F7556}") = "Phone_Shop.Common", "Phone_Shop.Common\Phone_Shop.Common.csproj", "{7D09F94E-0C4F-44F9-9D72-8D9DDE029288}"
EndProject
Project("{9A19103F-16F7-4668-BE54-9A1E7A4F7556}") = "Phone_Shop.Services", "Phone_Shop.Services\Phone_Shop.Services.csproj", "{26093B95-8447-4926-A87B-3FAB2B2162EB}"
EndProject
Project("{9A19103F-16F7-4668-BE54-9A1E7A4F7556}") = "Phone_Shop.DataAccess", "Phone_Shop.DataAccess\Phone_Shop.DataAccess.csproj", "{217D4EA5-9979-4C2C-BD39-4E7030F74F18}"
EndProject
Project("{FAE04EC0-301F-11D3-BF4B-00C04F79EFBC}") = "UnitTest", "UnitTest\UnitTest.csproj", "{78B33044-0A84-412F-8C54-7CF01A1F7638}"
EndProject
Global
	GlobalSection(SolutionConfigurationPlatforms) = preSolution
		Debug|Any CPU = Debug|Any CPU
		Release|Any CPU = Release|Any CPU
	EndGlobalSection
	GlobalSection(ProjectConfigurationPlatforms) = postSolution
		{E14E5673-95C3-48DD-9369-78DBCA8A6B37}.Debug|Any CPU.ActiveCfg = Debug|Any CPU
		{E14E5673-95C3-48DD-9369-78DBCA8A6B37}.Debug|Any CPU.Build.0 = Debug|Any CPU
		{E14E5673-95C3-48DD-9369-78DBCA8A6B37}.Release|Any CPU.ActiveCfg = Release|Any CPU
		{E14E5673-95C3-48DD-9369-78DBCA8A6B37}.Release|Any CPU.Build.0 = Release|Any CPU
		{7D09F94E-0C4F-44F9-9D72-8D9DDE029288}.Debug|Any CPU.ActiveCfg = Debug|Any CPU
		{7D09F94E-0C4F-44F9-9D72-8D9DDE029288}.Debug|Any CPU.Build.0 = Debug|Any CPU
		{7D09F94E-0C4F-44F9-9D72-8D9DDE029288}.Release|Any CPU.ActiveCfg = Release|Any CPU
		{7D09F94E-0C4F-44F9-9D72-8D9DDE029288}.Release|Any CPU.Build.0 = Release|Any CPU
		{26093B95-8447-4926-A87B-3FAB2B2162EB}.Debug|Any CPU.ActiveCfg = Debug|Any CPU
		{26093B95-8447-4926-A87B-3FAB2B2162EB}.Debug|Any CPU.Build.0 = Debug|Any CPU
		{26093B95-8447-4926-A87B-3FAB2B2162EB}.Release|Any CPU.ActiveCfg = Release|Any CPU
		{26093B95-8447-4926-A87B-3FAB2B2162EB}.Release|Any CPU.Build.0 = Release|Any CPU
		{217D4EA5-9979-4C2C-BD39-4E7030F74F18}.Debug|Any CPU.ActiveCfg = Debug|Any CPU
		{217D4EA5-9979-4C2C-BD39-4E7030F74F18}.Debug|Any CPU.Build.0 = Debug|Any CPU
		{217D4EA5-9979-4C2C-BD39-4E7030F74F18}.Release|Any CPU.ActiveCfg = Release|Any CPU
		{217D4EA5-9979-4C2C-BD39-4E7030F74F18}.Release|Any CPU.Build.0 = Release|Any CPU
		{78B33044-0A84-412F-8C54-7CF01A1F7638}.Debug|Any CPU.ActiveCfg = Debug|Any CPU
		{78B33044-0A84-412F-8C54-7CF01A1F7638}.Debug|Any CPU.Build.0 = Debug|Any CPU
		{78B33044-0A84-412F-8C54-7CF01A1F7638}.Release|Any CPU.ActiveCfg = Release|Any CPU
		{78B33044-0A84-412F-8C54-7CF01A1F7638}.Release|Any CPU.Build.0 = Release|Any CPU
	EndGlobalSection
	GlobalSection(SolutionProperties) = preSolution
		HideSolutionNode = FALSE
	EndGlobalSection
	GlobalSection(ExtensibilityGlobals) = postSolution
		SolutionGuid = {40479C28-5E67-4F5D-BDD5-EF1BA4EB93F2}
	EndGlobalSection
EndGlobal
