
Microsoft Visual Studio Solution File, Format Version 12.00
# Visual Studio Version 17
VisualStudioVersion = 17.9.34622.214
MinimumVisualStudioVersion = 10.0.40219.1
Project("{FAE04EC0-301F-11D3-BF4B-00C04F79EFBC}") = "Phone_Shop.Common", "Phone_Shop.Common\Phone_Shop.Common.csproj", "{38920666-921A-499F-A08F-BBEFA497B052}"
EndProject
Project("{FAE04EC0-301F-11D3-BF4B-00C04F79EFBC}") = "Phone_Shop.DataAccess", "Phone_Shop.DataAccess\Phone_Shop.DataAccess.csproj", "{A4DB062E-3719-4C2D-B9E1-3FEE418C4B84}"
EndProject
Project("{FAE04EC0-301F-11D3-BF4B-00C04F79EFBC}") = "Phone_Shop.Services", "Phone_Shop.Services\Phone_Shop.Services.csproj", "{BCDF2462-8581-4710-94FD-D1B3F3F4AEDE}"
EndProject
Project("{FAE04EC0-301F-11D3-BF4B-00C04F79EFBC}") = "Phone_Shop.API", "Phone_Shop.API\Phone_Shop.API.csproj", "{A9B5C623-405E-43E3-89F3-09CA7295C59C}"
EndProject
Global
	GlobalSection(SolutionConfigurationPlatforms) = preSolution
		Debug|Any CPU = Debug|Any CPU
		Release|Any CPU = Release|Any CPU
	EndGlobalSection
	GlobalSection(ProjectConfigurationPlatforms) = postSolution
		{38920666-921A-499F-A08F-BBEFA497B052}.Debug|Any CPU.ActiveCfg = Debug|Any CPU
		{38920666-921A-499F-A08F-BBEFA497B052}.Debug|Any CPU.Build.0 = Debug|Any CPU
		{38920666-921A-499F-A08F-BBEFA497B052}.Release|Any CPU.ActiveCfg = Release|Any CPU
		{38920666-921A-499F-A08F-BBEFA497B052}.Release|Any CPU.Build.0 = Release|Any CPU
		{A4DB062E-3719-4C2D-B9E1-3FEE418C4B84}.Debug|Any CPU.ActiveCfg = Debug|Any CPU
		{A4DB062E-3719-4C2D-B9E1-3FEE418C4B84}.Debug|Any CPU.Build.0 = Debug|Any CPU
		{A4DB062E-3719-4C2D-B9E1-3FEE418C4B84}.Release|Any CPU.ActiveCfg = Release|Any CPU
		{A4DB062E-3719-4C2D-B9E1-3FEE418C4B84}.Release|Any CPU.Build.0 = Release|Any CPU
		{BCDF2462-8581-4710-94FD-D1B3F3F4AEDE}.Debug|Any CPU.ActiveCfg = Debug|Any CPU
		{BCDF2462-8581-4710-94FD-D1B3F3F4AEDE}.Debug|Any CPU.Build.0 = Debug|Any CPU
		{BCDF2462-8581-4710-94FD-D1B3F3F4AEDE}.Release|Any CPU.ActiveCfg = Release|Any CPU
		{BCDF2462-8581-4710-94FD-D1B3F3F4AEDE}.Release|Any CPU.Build.0 = Release|Any CPU
		{A9B5C623-405E-43E3-89F3-09CA7295C59C}.Debug|Any CPU.ActiveCfg = Debug|Any CPU
		{A9B5C623-405E-43E3-89F3-09CA7295C59C}.Debug|Any CPU.Build.0 = Debug|Any CPU
		{A9B5C623-405E-43E3-89F3-09CA7295C59C}.Release|Any CPU.ActiveCfg = Release|Any CPU
		{A9B5C623-405E-43E3-89F3-09CA7295C59C}.Release|Any CPU.Build.0 = Release|Any CPU
	EndGlobalSection
	GlobalSection(SolutionProperties) = preSolution
		HideSolutionNode = FALSE
	EndGlobalSection
	GlobalSection(ExtensibilityGlobals) = postSolution
		SolutionGuid = {68764044-DCA0-4F6D-995D-31406AC47BD8}
	EndGlobalSection
EndGlobal
